Microsoft Visual Studio Solution File, Format Version 11.00
# Visual Studio 2008

Project("{1D2AC502-21CD-BAEB-B2AF-B2C2FFF9C5B7}") = "NekoJump", "Assembly-CSharp-firstpass-vs.csproj", "{6DA0B942-783B-E581-5896-5A77ACBEAF1F}"
EndProject
Project("{1D2AC502-21CD-BAEB-B2AF-B2C2FFF9C5B7}") = "NekoJump", "Assembly-CSharp-vs.csproj", "{AB66CAB4-8813-5C3A-97B8-C5173D225894}"
EndProject
Project("{1D2AC502-21CD-BAEB-B2AF-B2C2FFF9C5B7}") = "NekoJump", "Assembly-CSharp-Editor-vs.csproj", "{6423D7CA-4C96-5AD4-5F3D-CF32BEA51637}"
EndProject
Global
	GlobalSection(SolutionConfigurationPlatforms) = preSolution
		Debug|Any CPU = Debug|Any CPU
		Release|Any CPU = Release|Any CPU
	EndGlobalSection
	GlobalSection(ProjectConfigurationPlatforms) = postSolution
		{6DA0B942-783B-E581-5896-5A77ACBEAF1F}.Debug|Any CPU.ActiveCfg = Debug|Any CPU
		{6DA0B942-783B-E581-5896-5A77ACBEAF1F}.Debug|Any CPU.Build.0 = Debug|Any CPU
		{6DA0B942-783B-E581-5896-5A77ACBEAF1F}.Release|Any CPU.ActiveCfg = Release|Any CPU
		{6DA0B942-783B-E581-5896-5A77ACBEAF1F}.Release|Any CPU.Build.0 = Release|Any CPU
		{AB66CAB4-8813-5C3A-97B8-C5173D225894}.Debug|Any CPU.ActiveCfg = Debug|Any CPU
		{AB66CAB4-8813-5C3A-97B8-C5173D225894}.Debug|Any CPU.Build.0 = Debug|Any CPU
		{AB66CAB4-8813-5C3A-97B8-C5173D225894}.Release|Any CPU.ActiveCfg = Release|Any CPU
		{AB66CAB4-8813-5C3A-97B8-C5173D225894}.Release|Any CPU.Build.0 = Release|Any CPU
		{6423D7CA-4C96-5AD4-5F3D-CF32BEA51637}.Debug|Any CPU.ActiveCfg = Debug|Any CPU
		{6423D7CA-4C96-5AD4-5F3D-CF32BEA51637}.Debug|Any CPU.Build.0 = Debug|Any CPU
		{6423D7CA-4C96-5AD4-5F3D-CF32BEA51637}.Release|Any CPU.ActiveCfg = Release|Any CPU
		{6423D7CA-4C96-5AD4-5F3D-CF32BEA51637}.Release|Any CPU.Build.0 = Release|Any CPU
	EndGlobalSection
	GlobalSection(SolutionProperties) = preSolution
		HideSolutionNode = FALSE
	EndGlobalSection
				GlobalSection(MonoDevelopProperties) = preSolution
		StartupItem = Assembly-CSharp.csproj
		Policies = $0
		$0.TextStylePolicy = $1
		$1.inheritsSet = null
		$1.scope = text/x-csharp
		$0.CSharpFormattingPolicy = $2
		$2.inheritsSet = Mono
		$2.inheritsScope = text/x-csharp
		$2.scope = text/x-csharp
		$0.TextStylePolicy = $3
		$3.FileWidth = 120
		$3.TabWidth = 4
		$3.IndentWidth = 4
		$3.EolMarker = Unix
		$3.inheritsSet = Mono
		$3.inheritsScope = text/plain
		$3.scope = text/plain
	EndGlobalSection

EndGlobal
